<?xml version="1.0" encoding="UTF-8" standalone="yes" ?>
<CodeBlocks_project_file>
	<FileVersion major="1" minor="6" />
	<Project>
		<Option title="Flottenkampf" />
		<Option pch_mode="2" />
		<Option compiler="gcc" />
		<Build>
			<Target title="Debug">
				<Option output="bin/Debug/Flottenkampf" prefix_auto="1" extension_auto="1" />
				<Option object_output="obj/Debug/" />
				<Option type="1" />
				<Option compiler="gcc" />
				<Compiler>
					<Add option="-g" />
					<Add directory="include" />
				</Compiler>
			</Target>
			<Target title="Release">
				<Option output="bin/Release/Flottenkampf" prefix_auto="1" extension_auto="1" />
				<Option object_output="obj/Release/" />
				<Option type="1" />
				<Option compiler="gcc" />
				<Compiler>
					<Add option="-O2" />
					<Add directory="include" />
				</Compiler>
				<Linker>
					<Add option="-s" />
				</Linker>
			</Target>
		</Build>
		<Compiler>
			<Add option="-Wall" />
			<Add option="-fexceptions" />
		</Compiler>
		<Unit filename="include/Aktionen.h" />
		<Unit filename="include/DefaultSchiffWerte.h" />
		<Unit filename="include/Jaeger.h" />
		<Unit filename="include/Kreuzer.h" />
		<Unit filename="include/Schiff.h" />
		<Unit filename="include/Spiellogik.h" />
		<Unit filename="include/Zerstoerer.h" />
		<Unit filename="main.cpp" />
		<Unit filename="src/Aktionen.cpp" />
		<Unit filename="src/Jaeger.cpp" />
		<Unit filename="src/Kreuzer.cpp" />
		<Unit filename="src/Schiff.cpp" />
		<Unit filename="src/Spiellogik.cpp" />
		<Unit filename="src/Zerstoerer.cpp" />
		<Unit filename="src/test_spiellogik.cpp" />
		<Extensions>
			<lib_finder disable_auto="1" />
		</Extensions>
	</Project>
</CodeBlocks_project_file>
